
Microsoft Visual Studio Solution File, Format Version 12.00
# Visual Studio Version 16
VisualStudioVersion = 16.0.33130.400
MinimumVisualStudioVersion = 10.0.40219.1
Project("{2150E333-8FDC-42A3-9474-1A3956D46DE8}") = "src", "src", "{E8B89E3B-F395-4150-91B1-CF3415BB5A06}"
EndProject
Project("{2150E333-8FDC-42A3-9474-1A3956D46DE8}") = "Solution Items", "Solution Items", "{91110D9C-E91A-430E-8A40-6D623C7CE1BA}"
	ProjectSection(SolutionItems) = preProject
		ServiceUrls.txt = ServiceUrls.txt
	EndProjectSection
EndProject
Project("{2150E333-8FDC-42A3-9474-1A3956D46DE8}") = "ApiGateways", "ApiGateways", "{CC8F0B86-B024-45C7-B545-64554B377833}"
EndProject
Project("{2150E333-8FDC-42A3-9474-1A3956D46DE8}") = "BuildingBlocks", "BuildingBlocks", "{829F678D-6F81-46FD-BEC9-4E77C595A3E8}"
EndProject
Project("{2150E333-8FDC-42A3-9474-1A3956D46DE8}") = "Services", "Services", "{FD6A4877-97DE-449B-AB07-17F22CEE8AE9}"
EndProject
Project("{2150E333-8FDC-42A3-9474-1A3956D46DE8}") = "Clients", "Clients", "{B89CFB2E-8221-4BEF-B621-1FA082D4D013}"
EndProject
Project("{2150E333-8FDC-42A3-9474-1A3956D46DE8}") = "WebApiGateway", "WebApiGateway", "{ACFFB6FC-814C-4A95-97DE-AF63F16B69E7}"
EndProject
Project("{9A19103F-16F7-4668-BE54-9A1E7A4F7556}") = "Web.ApiGateway", "src\ApiGateways\WebApiGateway\Web.ApiGateway\Web.ApiGateway.csproj", "{2826933D-3453-4A8A-B0AB-B265CFB53561}"
EndProject
Project("{2150E333-8FDC-42A3-9474-1A3956D46DE8}") = "EventBus", "EventBus", "{9AC633A7-CBDD-4D1F-8F89-9DB267563C7F}"
EndProject
Project("{9A19103F-16F7-4668-BE54-9A1E7A4F7556}") = "EventBus.Base", "src\BuildingBlocks\EvenBus\EventBus.Base\EventBus.Base.csproj", "{879607E5-30C9-4E09-AD05-AE453144F3F4}"
EndProject
Project("{9A19103F-16F7-4668-BE54-9A1E7A4F7556}") = "EventBus.Factory", "src\BuildingBlocks\EvenBus\EventBus.Factory\EventBus.Factory.csproj", "{02DF6EDB-B359-4A32-B543-1D69B8480B84}"
EndProject
Project("{9A19103F-16F7-4668-BE54-9A1E7A4F7556}") = "EventBus.AzureServiceBus", "src\BuildingBlocks\EvenBus\EventBus.AzureServiceBus\EventBus.AzureServiceBus.csproj", "{DBB133D1-44A5-4498-A464-17A2AD5D5736}"
EndProject
Project("{9A19103F-16F7-4668-BE54-9A1E7A4F7556}") = "EventBus.RabbitMQ", "src\BuildingBlocks\EvenBus\EventBus.RabbitMQ\EventBus.RabbitMQ.csproj", "{6765CC97-EDE0-47E5-BEF6-077CEEF5EF2E}"
EndProject
Project("{2150E333-8FDC-42A3-9474-1A3956D46DE8}") = "WebApp", "WebApp", "{ED47E2EE-3DEA-4057-9152-F456461C0CE2}"
EndProject
Project("{9A19103F-16F7-4668-BE54-9A1E7A4F7556}") = "WebAppBlazor", "src\Clients\WebApp\WebAppBlazor\WebAppBlazor.csproj", "{D8590BFA-C241-4D7E-A038-C47246275CA0}"
EndProject
Project("{2150E333-8FDC-42A3-9474-1A3956D46DE8}") = "BasketService", "BasketService", "{B9A9951C-1DB5-4396-8059-4224318454F8}"
EndProject
Project("{9A19103F-16F7-4668-BE54-9A1E7A4F7556}") = "BasketService.Api", "src\Services\BasketService\BasketService.Api\BasketService.Api.csproj", "{8FF29C37-E444-4F93-AECB-A451B32D83B8}"
EndProject
Project("{2150E333-8FDC-42A3-9474-1A3956D46DE8}") = "CatalogService", "CatalogService", "{E806773C-33CA-43CA-ABFC-06D929DF91A1}"
EndProject
Project("{9A19103F-16F7-4668-BE54-9A1E7A4F7556}") = "CatalogService.Api", "src\Services\CatalogService\CatalogService.Api\CatalogService.Api.csproj", "{74B4D092-DE7F-4A6B-B6DC-CDE7CAD13AD1}"
EndProject
Project("{2150E333-8FDC-42A3-9474-1A3956D46DE8}") = "IdentityService", "IdentityService", "{E0E52312-A0AB-4843-B5C7-38D9CAD42337}"
EndProject
Project("{9A19103F-16F7-4668-BE54-9A1E7A4F7556}") = "IdentityService.Api", "src\Services\IdentityService\IdentityService.Api\IdentityService.Api.csproj", "{65EA1D4F-1E1B-4066-854E-59DFAD908B49}"
EndProject
Project("{2150E333-8FDC-42A3-9474-1A3956D46DE8}") = "NotificationService", "NotificationService", "{C0FB6E52-08E2-47B6-AD3D-406C90CBCB76}"
EndProject
Project("{9A19103F-16F7-4668-BE54-9A1E7A4F7556}") = "NotificationService", "src\Services\NotificationService\NotificationService\NotificationService.csproj", "{7781B452-1BBE-48EF-B9B6-5A85EC754863}"
EndProject
Project("{2150E333-8FDC-42A3-9474-1A3956D46DE8}") = "OrderService", "OrderService", "{1C2936BD-B3FC-4D8D-BDE5-AF04FBE1B9B4}"
EndProject
Project("{9A19103F-16F7-4668-BE54-9A1E7A4F7556}") = "OrderService.Domain", "src\Services\OrderService\OrderService.Domain\OrderService.Domain.csproj", "{8C2C9920-432F-4C35-BD69-C830D61E214B}"
EndProject
Project("{9A19103F-16F7-4668-BE54-9A1E7A4F7556}") = "OrderServiceApp", "src\Services\OrderService\OrderServiceApp\OrderServiceApp.csproj", "{4D653711-4B98-4E95-A6C4-612B7F20D183}"
EndProject
Project("{9A19103F-16F7-4668-BE54-9A1E7A4F7556}") = "OrderService.Infrastructure", "src\Services\OrderService\OrderService.Infrastructure\OrderService.Infrastructure.csproj", "{46606445-D300-45A6-98A9-33323A8B5BE4}"
EndProject
Project("{9A19103F-16F7-4668-BE54-9A1E7A4F7556}") = "OrderService.Api", "src\Services\OrderService\OrderService.Api\OrderService.Api.csproj", "{10A2474F-C820-4422-89CE-891F5EAAF680}"
EndProject
Project("{2150E333-8FDC-42A3-9474-1A3956D46DE8}") = "PaymentService", "PaymentService", "{54B31677-4121-40F7-AD2E-C52532AB9A40}"
EndProject
Project("{9A19103F-16F7-4668-BE54-9A1E7A4F7556}") = "PaymentService.Api", "src\Services\PaymentService\PaymentService.Api\PaymentService.Api.csproj", "{7F8F6B41-94E9-4962-ABD9-C53AAA352EE3}"
EndProject
Global
	GlobalSection(SolutionConfigurationPlatforms) = preSolution
		Debug|Any CPU = Debug|Any CPU
		Release|Any CPU = Release|Any CPU
	EndGlobalSection
	GlobalSection(ProjectConfigurationPlatforms) = postSolution
		{2826933D-3453-4A8A-B0AB-B265CFB53561}.Debug|Any CPU.ActiveCfg = Debug|Any CPU
		{2826933D-3453-4A8A-B0AB-B265CFB53561}.Debug|Any CPU.Build.0 = Debug|Any CPU
		{2826933D-3453-4A8A-B0AB-B265CFB53561}.Release|Any CPU.ActiveCfg = Release|Any CPU
		{2826933D-3453-4A8A-B0AB-B265CFB53561}.Release|Any CPU.Build.0 = Release|Any CPU
		{879607E5-30C9-4E09-AD05-AE453144F3F4}.Debug|Any CPU.ActiveCfg = Debug|Any CPU
		{879607E5-30C9-4E09-AD05-AE453144F3F4}.Debug|Any CPU.Build.0 = Debug|Any CPU
		{879607E5-30C9-4E09-AD05-AE453144F3F4}.Release|Any CPU.ActiveCfg = Release|Any CPU
		{879607E5-30C9-4E09-AD05-AE453144F3F4}.Release|Any CPU.Build.0 = Release|Any CPU
		{02DF6EDB-B359-4A32-B543-1D69B8480B84}.Debug|Any CPU.ActiveCfg = Debug|Any CPU
		{02DF6EDB-B359-4A32-B543-1D69B8480B84}.Debug|Any CPU.Build.0 = Debug|Any CPU
		{02DF6EDB-B359-4A32-B543-1D69B8480B84}.Release|Any CPU.ActiveCfg = Release|Any CPU
		{02DF6EDB-B359-4A32-B543-1D69B8480B84}.Release|Any CPU.Build.0 = Release|Any CPU
		{DBB133D1-44A5-4498-A464-17A2AD5D5736}.Debug|Any CPU.ActiveCfg = Debug|Any CPU
		{DBB133D1-44A5-4498-A464-17A2AD5D5736}.Debug|Any CPU.Build.0 = Debug|Any CPU
		{DBB133D1-44A5-4498-A464-17A2AD5D5736}.Release|Any CPU.ActiveCfg = Release|Any CPU
		{DBB133D1-44A5-4498-A464-17A2AD5D5736}.Release|Any CPU.Build.0 = Release|Any CPU
		{6765CC97-EDE0-47E5-BEF6-077CEEF5EF2E}.Debug|Any CPU.ActiveCfg = Debug|Any CPU
		{6765CC97-EDE0-47E5-BEF6-077CEEF5EF2E}.Debug|Any CPU.Build.0 = Debug|Any CPU
		{6765CC97-EDE0-47E5-BEF6-077CEEF5EF2E}.Release|Any CPU.ActiveCfg = Release|Any CPU
		{6765CC97-EDE0-47E5-BEF6-077CEEF5EF2E}.Release|Any CPU.Build.0 = Release|Any CPU
		{D8590BFA-C241-4D7E-A038-C47246275CA0}.Debug|Any CPU.ActiveCfg = Debug|Any CPU
		{D8590BFA-C241-4D7E-A038-C47246275CA0}.Debug|Any CPU.Build.0 = Debug|Any CPU
		{D8590BFA-C241-4D7E-A038-C47246275CA0}.Release|Any CPU.ActiveCfg = Release|Any CPU
		{D8590BFA-C241-4D7E-A038-C47246275CA0}.Release|Any CPU.Build.0 = Release|Any CPU
		{8FF29C37-E444-4F93-AECB-A451B32D83B8}.Debug|Any CPU.ActiveCfg = Debug|Any CPU
		{8FF29C37-E444-4F93-AECB-A451B32D83B8}.Debug|Any CPU.Build.0 = Debug|Any CPU
		{8FF29C37-E444-4F93-AECB-A451B32D83B8}.Release|Any CPU.ActiveCfg = Release|Any CPU
		{8FF29C37-E444-4F93-AECB-A451B32D83B8}.Release|Any CPU.Build.0 = Release|Any CPU
		{74B4D092-DE7F-4A6B-B6DC-CDE7CAD13AD1}.Debug|Any CPU.ActiveCfg = Debug|Any CPU
		{74B4D092-DE7F-4A6B-B6DC-CDE7CAD13AD1}.Debug|Any CPU.Build.0 = Debug|Any CPU
		{74B4D092-DE7F-4A6B-B6DC-CDE7CAD13AD1}.Release|Any CPU.ActiveCfg = Release|Any CPU
		{74B4D092-DE7F-4A6B-B6DC-CDE7CAD13AD1}.Release|Any CPU.Build.0 = Release|Any CPU
		{65EA1D4F-1E1B-4066-854E-59DFAD908B49}.Debug|Any CPU.ActiveCfg = Debug|Any CPU
		{65EA1D4F-1E1B-4066-854E-59DFAD908B49}.Debug|Any CPU.Build.0 = Debug|Any CPU
		{65EA1D4F-1E1B-4066-854E-59DFAD908B49}.Release|Any CPU.ActiveCfg = Release|Any CPU
		{65EA1D4F-1E1B-4066-854E-59DFAD908B49}.Release|Any CPU.Build.0 = Release|Any CPU
		{7781B452-1BBE-48EF-B9B6-5A85EC754863}.Debug|Any CPU.ActiveCfg = Debug|Any CPU
		{7781B452-1BBE-48EF-B9B6-5A85EC754863}.Debug|Any CPU.Build.0 = Debug|Any CPU
		{7781B452-1BBE-48EF-B9B6-5A85EC754863}.Release|Any CPU.ActiveCfg = Release|Any CPU
		{7781B452-1BBE-48EF-B9B6-5A85EC754863}.Release|Any CPU.Build.0 = Release|Any CPU
		{8C2C9920-432F-4C35-BD69-C830D61E214B}.Debug|Any CPU.ActiveCfg = Debug|Any CPU
		{8C2C9920-432F-4C35-BD69-C830D61E214B}.Debug|Any CPU.Build.0 = Debug|Any CPU
		{8C2C9920-432F-4C35-BD69-C830D61E214B}.Release|Any CPU.ActiveCfg = Release|Any CPU
		{8C2C9920-432F-4C35-BD69-C830D61E214B}.Release|Any CPU.Build.0 = Release|Any CPU
		{4D653711-4B98-4E95-A6C4-612B7F20D183}.Debug|Any CPU.ActiveCfg = Debug|Any CPU
		{4D653711-4B98-4E95-A6C4-612B7F20D183}.Debug|Any CPU.Build.0 = Debug|Any CPU
		{4D653711-4B98-4E95-A6C4-612B7F20D183}.Release|Any CPU.ActiveCfg = Release|Any CPU
		{4D653711-4B98-4E95-A6C4-612B7F20D183}.Release|Any CPU.Build.0 = Release|Any CPU
		{46606445-D300-45A6-98A9-33323A8B5BE4}.Debug|Any CPU.ActiveCfg = Debug|Any CPU
		{46606445-D300-45A6-98A9-33323A8B5BE4}.Debug|Any CPU.Build.0 = Debug|Any CPU
		{46606445-D300-45A6-98A9-33323A8B5BE4}.Release|Any CPU.ActiveCfg = Release|Any CPU
		{46606445-D300-45A6-98A9-33323A8B5BE4}.Release|Any CPU.Build.0 = Release|Any CPU
		{10A2474F-C820-4422-89CE-891F5EAAF680}.Debug|Any CPU.ActiveCfg = Debug|Any CPU
		{10A2474F-C820-4422-89CE-891F5EAAF680}.Debug|Any CPU.Build.0 = Debug|Any CPU
		{10A2474F-C820-4422-89CE-891F5EAAF680}.Release|Any CPU.ActiveCfg = Release|Any CPU
		{10A2474F-C820-4422-89CE-891F5EAAF680}.Release|Any CPU.Build.0 = Release|Any CPU
		{7F8F6B41-94E9-4962-ABD9-C53AAA352EE3}.Debug|Any CPU.ActiveCfg = Debug|Any CPU
		{7F8F6B41-94E9-4962-ABD9-C53AAA352EE3}.Debug|Any CPU.Build.0 = Debug|Any CPU
		{7F8F6B41-94E9-4962-ABD9-C53AAA352EE3}.Release|Any CPU.ActiveCfg = Release|Any CPU
		{7F8F6B41-94E9-4962-ABD9-C53AAA352EE3}.Release|Any CPU.Build.0 = Release|Any CPU
	EndGlobalSection
	GlobalSection(SolutionProperties) = preSolution
		HideSolutionNode = FALSE
	EndGlobalSection
	GlobalSection(NestedProjects) = preSolution
		{CC8F0B86-B024-45C7-B545-64554B377833} = {E8B89E3B-F395-4150-91B1-CF3415BB5A06}
		{829F678D-6F81-46FD-BEC9-4E77C595A3E8} = {E8B89E3B-F395-4150-91B1-CF3415BB5A06}
		{FD6A4877-97DE-449B-AB07-17F22CEE8AE9} = {E8B89E3B-F395-4150-91B1-CF3415BB5A06}
		{B89CFB2E-8221-4BEF-B621-1FA082D4D013} = {E8B89E3B-F395-4150-91B1-CF3415BB5A06}
		{ACFFB6FC-814C-4A95-97DE-AF63F16B69E7} = {CC8F0B86-B024-45C7-B545-64554B377833}
		{2826933D-3453-4A8A-B0AB-B265CFB53561} = {ACFFB6FC-814C-4A95-97DE-AF63F16B69E7}
		{9AC633A7-CBDD-4D1F-8F89-9DB267563C7F} = {829F678D-6F81-46FD-BEC9-4E77C595A3E8}
		{879607E5-30C9-4E09-AD05-AE453144F3F4} = {9AC633A7-CBDD-4D1F-8F89-9DB267563C7F}
		{02DF6EDB-B359-4A32-B543-1D69B8480B84} = {9AC633A7-CBDD-4D1F-8F89-9DB267563C7F}
		{DBB133D1-44A5-4498-A464-17A2AD5D5736} = {9AC633A7-CBDD-4D1F-8F89-9DB267563C7F}
		{6765CC97-EDE0-47E5-BEF6-077CEEF5EF2E} = {9AC633A7-CBDD-4D1F-8F89-9DB267563C7F}
		{ED47E2EE-3DEA-4057-9152-F456461C0CE2} = {B89CFB2E-8221-4BEF-B621-1FA082D4D013}
		{D8590BFA-C241-4D7E-A038-C47246275CA0} = {ED47E2EE-3DEA-4057-9152-F456461C0CE2}
		{B9A9951C-1DB5-4396-8059-4224318454F8} = {FD6A4877-97DE-449B-AB07-17F22CEE8AE9}
		{8FF29C37-E444-4F93-AECB-A451B32D83B8} = {B9A9951C-1DB5-4396-8059-4224318454F8}
		{E806773C-33CA-43CA-ABFC-06D929DF91A1} = {FD6A4877-97DE-449B-AB07-17F22CEE8AE9}
		{74B4D092-DE7F-4A6B-B6DC-CDE7CAD13AD1} = {E806773C-33CA-43CA-ABFC-06D929DF91A1}
		{E0E52312-A0AB-4843-B5C7-38D9CAD42337} = {FD6A4877-97DE-449B-AB07-17F22CEE8AE9}
		{65EA1D4F-1E1B-4066-854E-59DFAD908B49} = {E0E52312-A0AB-4843-B5C7-38D9CAD42337}
		{C0FB6E52-08E2-47B6-AD3D-406C90CBCB76} = {FD6A4877-97DE-449B-AB07-17F22CEE8AE9}
		{7781B452-1BBE-48EF-B9B6-5A85EC754863} = {C0FB6E52-08E2-47B6-AD3D-406C90CBCB76}
		{1C2936BD-B3FC-4D8D-BDE5-AF04FBE1B9B4} = {FD6A4877-97DE-449B-AB07-17F22CEE8AE9}
		{8C2C9920-432F-4C35-BD69-C830D61E214B} = {1C2936BD-B3FC-4D8D-BDE5-AF04FBE1B9B4}
		{4D653711-4B98-4E95-A6C4-612B7F20D183} = {1C2936BD-B3FC-4D8D-BDE5-AF04FBE1B9B4}
		{46606445-D300-45A6-98A9-33323A8B5BE4} = {1C2936BD-B3FC-4D8D-BDE5-AF04FBE1B9B4}
		{10A2474F-C820-4422-89CE-891F5EAAF680} = {1C2936BD-B3FC-4D8D-BDE5-AF04FBE1B9B4}
		{54B31677-4121-40F7-AD2E-C52532AB9A40} = {FD6A4877-97DE-449B-AB07-17F22CEE8AE9}
		{7F8F6B41-94E9-4962-ABD9-C53AAA352EE3} = {54B31677-4121-40F7-AD2E-C52532AB9A40}
	EndGlobalSection
	GlobalSection(ExtensibilityGlobals) = postSolution
		SolutionGuid = {D4680E70-0944-4253-A724-E1231310FCAB}
	EndGlobalSection
EndGlobal
